
Microsoft Visual Studio Solution File, Format Version 12.00
# Visual Studio 15
Project("{FAE04EC0-301F-11D3-BF4B-00C04F79EFBC}") = "VuforiaScripts", "VuforiaScripts.csproj", "{C1A77227-866B-CAF1-B984-11CF4833112F}"
EndProject
Project("{FAE04EC0-301F-11D3-BF4B-00C04F79EFBC}") = "VuforiaEditorScripts", "VuforiaEditorScripts.csproj", "{74F6A6CC-F897-8B9B-CF92-742895C5DA34}"
EndProject
Global
	GlobalSection(SolutionConfigurationPlatforms) = preSolution
		Debug|Any CPU = Debug|Any CPU
		Release|Any CPU = Release|Any CPU
	EndGlobalSection
	GlobalSection(ProjectConfigurationPlatforms) = postSolution
		{C1A77227-866B-CAF1-B984-11CF4833112F}.Debug|Any CPU.ActiveCfg = Debug|Any CPU
		{C1A77227-866B-CAF1-B984-11CF4833112F}.Debug|Any CPU.Build.0 = Debug|Any CPU
		{C1A77227-866B-CAF1-B984-11CF4833112F}.Release|Any CPU.ActiveCfg = Release|Any CPU
		{C1A77227-866B-CAF1-B984-11CF4833112F}.Release|Any CPU.Build.0 = Release|Any CPU
		{74F6A6CC-F897-8B9B-CF92-742895C5DA34}.Debug|Any CPU.ActiveCfg = Debug|Any CPU
		{74F6A6CC-F897-8B9B-CF92-742895C5DA34}.Debug|Any CPU.Build.0 = Debug|Any CPU
		{74F6A6CC-F897-8B9B-CF92-742895C5DA34}.Release|Any CPU.ActiveCfg = Release|Any CPU
		{74F6A6CC-F897-8B9B-CF92-742895C5DA34}.Release|Any CPU.Build.0 = Release|Any CPU
	EndGlobalSection
	GlobalSection(SolutionProperties) = preSolution
		HideSolutionNode = FALSE
	EndGlobalSection
EndGlobal
